{
  "name": "libmh",
  "version": "1.0.1",
  "lockfileVersion": 3,
  "requires": true,
  "packages": {
    "": {
      "name": "libmh",
      "version": "1.0.1",
      "license": "ISC",
      "dependencies": {
        "libmh": "^1.0.1"
      }
    },
    "node_modules/libmh": {
      "version": "1.0.1",
      "resolved": "https://registry.npmjs.org/libmh/-/libmh-1.0.1.tgz",
      "integrity": "sha512-vUAr/mLOzXQ3rfcLALS1w7MiZCBin6QElNxwZ084rva+wzcwLUhcX6QUe5yV+jEuTRe3YELodSZxuRPyxUD7GA=="
    }
  }
}
